
Microsoft Visual Studio Solution File, Format Version 12.00
# Visual Studio Version 17
VisualStudioVersion = 17.13.35931.197
MinimumVisualStudioVersion = 10.0.40219.1
Project("{FAE04EC0-301F-11D3-BF4B-00C04F79EFBC}") = "EffortProject", "EffortProject\EffortProject.csproj", "{3883B3EC-B707-42C9-AE20-8BC5CA30727B}"
EndProject
Project("{FAE04EC0-301F-11D3-BF4B-00C04F79EFBC}") = "EffortProject.Tests", "EffortProject.Tests\EffortProject.Tests.csproj", "{950BD162-EF80-4102-B42E-8BAC5DE4D3D9}"
EndProject
Global
	GlobalSection(SolutionConfigurationPlatforms) = preSolution
		Debug|Any CPU = Debug|Any CPU
		Release|Any CPU = Release|Any CPU
	EndGlobalSection
	GlobalSection(ProjectConfigurationPlatforms) = postSolution
		{3883B3EC-B707-42C9-AE20-8BC5CA30727B}.Debug|Any CPU.ActiveCfg = Debug|Any CPU
		{3883B3EC-B707-42C9-AE20-8BC5CA30727B}.Debug|Any CPU.Build.0 = Debug|Any CPU
		{3883B3EC-B707-42C9-AE20-8BC5CA30727B}.Release|Any CPU.ActiveCfg = Release|Any CPU
		{3883B3EC-B707-42C9-AE20-8BC5CA30727B}.Release|Any CPU.Build.0 = Release|Any CPU
		{950BD162-EF80-4102-B42E-8BAC5DE4D3D9}.Debug|Any CPU.ActiveCfg = Debug|Any CPU
		{950BD162-EF80-4102-B42E-8BAC5DE4D3D9}.Debug|Any CPU.Build.0 = Debug|Any CPU
		{950BD162-EF80-4102-B42E-8BAC5DE4D3D9}.Release|Any CPU.ActiveCfg = Release|Any CPU
		{950BD162-EF80-4102-B42E-8BAC5DE4D3D9}.Release|Any CPU.Build.0 = Release|Any CPU
	EndGlobalSection
	GlobalSection(SolutionProperties) = preSolution
		HideSolutionNode = FALSE
	EndGlobalSection
	GlobalSection(ExtensibilityGlobals) = postSolution
		SolutionGuid = {09372F0A-ED54-4CF8-958C-D82A6F15F689}
	EndGlobalSection
EndGlobal
